
Microsoft Visual Studio Solution File, Format Version 12.00
# Visual Studio 15
Project("{FAE04EC0-301F-11D3-BF4B-00C04F79EFBC}") = "Assembly-CSharp", "Assembly-CSharp.csproj", "{479FD6D4-1D17-2213-595C-463024E8BE80}"
EndProject
Project("{FAE04EC0-301F-11D3-BF4B-00C04F79EFBC}") = "Assembly-CSharp-Editor", "Assembly-CSharp-Editor.csproj", "{AE4888F3-C42B-B7AE-984D-CD50E108A138}"
EndProject
Global
	GlobalSection(SolutionConfigurationPlatforms) = preSolution
		Debug|Any CPU = Debug|Any CPU
		Release|Any CPU = Release|Any CPU
	EndGlobalSection
	GlobalSection(ProjectConfigurationPlatforms) = postSolution
		{479FD6D4-1D17-2213-595C-463024E8BE80}.Debug|Any CPU.ActiveCfg = Debug|Any CPU
		{479FD6D4-1D17-2213-595C-463024E8BE80}.Debug|Any CPU.Build.0 = Debug|Any CPU
		{479FD6D4-1D17-2213-595C-463024E8BE80}.Release|Any CPU.ActiveCfg = Release|Any CPU
		{479FD6D4-1D17-2213-595C-463024E8BE80}.Release|Any CPU.Build.0 = Release|Any CPU
		{AE4888F3-C42B-B7AE-984D-CD50E108A138}.Debug|Any CPU.ActiveCfg = Debug|Any CPU
		{AE4888F3-C42B-B7AE-984D-CD50E108A138}.Debug|Any CPU.Build.0 = Debug|Any CPU
		{AE4888F3-C42B-B7AE-984D-CD50E108A138}.Release|Any CPU.ActiveCfg = Release|Any CPU
		{AE4888F3-C42B-B7AE-984D-CD50E108A138}.Release|Any CPU.Build.0 = Release|Any CPU
	EndGlobalSection
	GlobalSection(SolutionProperties) = preSolution
		HideSolutionNode = FALSE
	EndGlobalSection
EndGlobal
